// !$*UTF8*$!
{
	archiveVersion = 1;
	classes = {
	};
	objectVersion = 46;
	objects = {

/* Begin PBXBuildFile section */
		2D504F401C12CF440065F072 /* AppDelegate.swift in Sources */ = {isa = PBXBuildFile; fileRef = 2D504F3F1C12CF440065F072 /* AppDelegate.swift */; };
		2D504F421C12CF440065F072 /* ViewController.swift in Sources */ = {isa = PBXBuildFile; fileRef = 2D504F411C12CF440065F072 /* ViewController.swift */; };
		2D504F451C12CF440065F072 /* Main.storyboard in Resources */ = {isa = PBXBuildFile; fileRef = 2D504F431C12CF440065F072 /* Main.storyboard */; };
		2D504F471C12CF440065F072 /* Assets.xcassets in Resources */ = {isa = PBXBuildFile; fileRef = 2D504F461C12CF440065F072 /* Assets.xcassets */; };
		2D504F4A1C12CF440065F072 /* LaunchScreen.storyboard in Resources */ = {isa = PBXBuildFile; fileRef = 2D504F481C12CF440065F072 /* LaunchScreen.storyboard */; };
		2D504F521C12CFBF0065F072 /* FillScreenAnimationVC.swift in Sources */ = {isa = PBXBuildFile; fileRef = 2D504F511C12CFBF0065F072 /* FillScreenAnimationVC.swift */; };
		2D504F541C12FBFE0065F072 /* Cancel.png in Resources */ = {isa = PBXBuildFile; fileRef = 2D504F531C12FBFE0065F072 /* Cancel.png */; };
		2D504F571C1308B10065F072 /* FillCircleAnimationVC.swift in Sources */ = {isa = PBXBuildFile; fileRef = 2D504F551C1308B10065F072 /* FillCircleAnimationVC.swift */; };
		2D504F581C1308B10065F072 /* FillColorVC.xib in Resources */ = {isa = PBXBuildFile; fileRef = 2D504F561C1308B10065F072 /* FillColorVC.xib */; };
		2D504F5A1C1308FF0065F072 /* AnimationFillColorView.swift in Sources */ = {isa = PBXBuildFile; fileRef = 2D504F591C1308FF0065F072 /* AnimationFillColorView.swift */; };
		2D504F5C1C14019F0065F072 /* TransformViewAnimationVC.swift in Sources */ = {isa = PBXBuildFile; fileRef = 2D504F5B1C14019F0065F072 /* TransformViewAnimationVC.swift */; };
		2D504F5E1C1405870065F072 /* AnimationScaleView.swift in Sources */ = {isa = PBXBuildFile; fileRef = 2D504F5D1C1405870065F072 /* AnimationScaleView.swift */; };
/* End PBXBuildFile section */

/* Begin PBXFileReference section */
		2D504F3C1C12CF440065F072 /* SimpleCustomAnimations.app */ = {isa = PBXFileReference; explicitFileType = wrapper.application; includeInIndex = 0; path = SimpleCustomAnimations.app; sourceTree = BUILT_PRODUCTS_DIR; };
		2D504F3F1C12CF440065F072 /* AppDelegate.swift */ = {isa = PBXFileReference; lastKnownFileType = sourcecode.swift; path = AppDelegate.swift; sourceTree = "<group>"; };
		2D504F411C12CF440065F072 /* ViewController.swift */ = {isa = PBXFileReference; lastKnownFileType = sourcecode.swift; path = ViewController.swift; sourceTree = "<group>"; };
		2D504F441C12CF440065F072 /* Base */ = {isa = PBXFileReference; lastKnownFileType = file.storyboard; name = Base; path = Base.lproj/Main.storyboard; sourceTree = "<group>"; };
		2D504F461C12CF440065F072 /* Assets.xcassets */ = {isa = PBXFileReference; lastKnownFileType = folder.assetcatalog; path = Assets.xcassets; sourceTree = "<group>"; };
		2D504F491C12CF440065F072 /* Base */ = {isa = PBXFileReference; lastKnownFileType = file.storyboard; name = Base; path = Base.lproj/LaunchScreen.storyboard; sourceTree = "<group>"; };
		2D504F4B1C12CF440065F072 /* Info.plist */ = {isa = PBXFileReference; lastKnownFileType = text.plist.xml; path = Info.plist; sourceTree = "<group>"; };
		2D504F511C12CFBF0065F072 /* FillScreenAnimationVC.swift */ = {isa = PBXFileReference; fileEncoding = 4; lastKnownFileType = sourcecode.swift; path = FillScreenAnimationVC.swift; sourceTree = "<group>"; };
		2D504F531C12FBFE0065F072 /* Cancel.png */ = {isa = PBXFileReference; lastKnownFileType = image.png; path = Cancel.png; sourceTree = "<group>"; };
		2D504F551C1308B10065F072 /* FillCircleAnimationVC.swift */ = {isa = PBXFileReference; fileEncoding = 4; lastKnownFileType = sourcecode.swift; path = FillCircleAnimationVC.swift; sourceTree = "<group>"; };
		2D504F561C1308B10065F072 /* FillColorVC.xib */ = {isa = PBXFileReference; fileEncoding = 4; lastKnownFileType = file.xib; path = FillColorVC.xib; sourceTree = "<group>"; };
		2D504F591C1308FF0065F072 /* AnimationFillColorView.swift */ = {isa = PBXFileReference; fileEncoding = 4; lastKnownFileType = sourcecode.swift; path = AnimationFillColorView.swift; sourceTree = "<group>"; };
		2D504F5B1C14019F0065F072 /* TransformViewAnimationVC.swift */ = {isa = PBXFileReference; fileEncoding = 4; lastKnownFileType = sourcecode.swift; path = TransformViewAnimationVC.swift; sourceTree = "<group>"; };
		2D504F5D1C1405870065F072 /* AnimationScaleView.swift */ = {isa = PBXFileReference; fileEncoding = 4; lastKnownFileType = sourcecode.swift; path = AnimationScaleView.swift; sourceTree = "<group>"; };
/* End PBXFileReference section */

/* Begin PBXFrameworksBuildPhase section */
		2D504F391C12CF440065F072 /* Frameworks */ = {
			isa = PBXFrameworksBuildPhase;
			buildActionMask = 2147483647;
			files = (
			);
			runOnlyForDeploymentPostprocessing = 0;
		};
/* End PBXFrameworksBuildPhase section */

/* Begin PBXGroup section */
		2D504F331C12CF430065F072 = {
			isa = PBXGroup;
			children = (
				2D504F3E1C12CF440065F072 /* SimpleCustomAnimations */,
				2D504F3D1C12CF440065F072 /* Products */,
			);
			sourceTree = "<group>";
		};
		2D504F3D1C12CF440065F072 /* Products */ = {
			isa = PBXGroup;
			children = (
				2D504F3C1C12CF440065F072 /* SimpleCustomAnimations.app */,
			);
			name = Products;
			sourceTree = "<group>";
		};
		2D504F3E1C12CF440065F072 /* SimpleCustomAnimations */ = {
			isa = PBXGroup;
			children = (
				2D504F3F1C12CF440065F072 /* AppDelegate.swift */,
				2D504F411C12CF440065F072 /* ViewController.swift */,
				2D504F5B1C14019F0065F072 /* TransformViewAnimationVC.swift */,
				2D504F5D1C1405870065F072 /* AnimationScaleView.swift */,
				2D504F511C12CFBF0065F072 /* FillScreenAnimationVC.swift */,
				2D504F591C1308FF0065F072 /* AnimationFillColorView.swift */,
				2D504F551C1308B10065F072 /* FillCircleAnimationVC.swift */,
				2D504F561C1308B10065F072 /* FillColorVC.xib */,
				2D504F431C12CF440065F072 /* Main.storyboard */,
				2D504F461C12CF440065F072 /* Assets.xcassets */,
				2D504F531C12FBFE0065F072 /* Cancel.png */,
				2D504F481C12CF440065F072 /* LaunchScreen.storyboard */,
				2D504F4B1C12CF440065F072 /* Info.plist */,
			);
			path = SimpleCustomAnimations;
			sourceTree = "<group>";
		};
/* End PBXGroup section */

/* Begin PBXNativeTarget section */
		2D504F3B1C12CF440065F072 /* SimpleCustomAnimations */ = {
			isa = PBXNativeTarget;
			buildConfigurationList = 2D504F4E1C12CF440065F072 /* Build configuration list for PBXNativeTarget "SimpleCustomAnimations" */;
			buildPhases = (
				2D504F381C12CF440065F072 /* Sources */,
				2D504F391C12CF440065F072 /* Frameworks */,
				2D504F3A1C12CF440065F072 /* Resources */,
			);
			buildRules = (
			);
			dependencies = (
			);
			name = SimpleCustomAnimations;
			productName = SimpleCustomAnimations;
			productReference = 2D504F3C1C12CF440065F072 /* SimpleCustomAnimations.app */;
			productType = "com.apple.product-type.application";
		};
/* End PBXNativeTarget section */

/* Begin PBXProject section */
		2D504F341C12CF430065F072 /* Project object */ = {
			isa = PBXProject;
			attributes = {
				LastSwiftUpdateCheck = 0710;
				LastUpgradeCheck = 0710;
				ORGANIZATIONNAME = Ajay;
				TargetAttributes = {
					2D504F3B1C12CF440065F072 = {
						CreatedOnToolsVersion = 7.1.1;
					};
				};
			};
			buildConfigurationList = 2D504F371C12CF430065F072 /* Build configuration list for PBXProject "SimpleCustomAnimations" */;
			compatibilityVersion = "Xcode 3.2";
			developmentRegion = English;
			hasScannedForEncodings = 0;
			knownRegions = (
				en,
				Base,
			);
			mainGroup = 2D504F331C12CF430065F072;
			productRefGroup = 2D504F3D1C12CF440065F072 /* Products */;
			projectDirPath = "";
			projectRoot = "";
			targets = (
				2D504F3B1C12CF440065F072 /* SimpleCustomAnimations */,
			);
		};
/* End PBXProject section */

/* Begin PBXResourcesBuildPhase section */
		2D504F3A1C12CF440065F072 /* Resources */ = {
			isa = PBXResourcesBuildPhase;
			buildActionMask = 2147483647;
			files = (
				2D504F4A1C12CF440065F072 /* LaunchScreen.storyboard in Resources */,
				2D504F541C12FBFE0065F072 /* Cancel.png in Resources */,
				2D504F471C12CF440065F072 /* Assets.xcassets in Resources */,
				2D504F581C1308B10065F072 /* FillColorVC.xib in Resources */,
				2D504F451C12CF440065F072 /* Main.storyboard in Resources */,
			);
			runOnlyForDeploymentPostprocessing = 0;
		};
/* End PBXResourcesBuildPhase section */

/* Begin PBXSourcesBuildPhase section */
		2D504F381C12CF440065F072 /* Sources */ = {
			isa = PBXSourcesBuildPhase;
			buildActionMask = 2147483647;
			files = (
				2D504F421C12CF440065F072 /* ViewController.swift in Sources */,
				2D504F401C12CF440065F072 /* AppDelegate.swift in Sources */,
				2D504F5C1C14019F0065F072 /* TransformViewAnimationVC.swift in Sources */,
				2D504F521C12CFBF0065F072 /* FillScreenAnimationVC.swift in Sources */,
				2D504F5A1C1308FF0065F072 /* AnimationFillColorView.swift in Sources */,
				2D504F571C1308B10065F072 /* FillCircleAnimationVC.swift in Sources */,
				2D504F5E1C1405870065F072 /* AnimationScaleView.swift in Sources */,
			);
			runOnlyForDeploymentPostprocessing = 0;
		};
/* End PBXSourcesBuildPhase section */

/* Begin PBXVariantGroup section */
		2D504F431C12CF440065F072 /* Main.storyboard */ = {
			isa = PBXVariantGroup;
			children = (
				2D504F441C12CF440065F072 /* Base */,
			);
			name = Main.storyboard;
			sourceTree = "<group>";
		};
		2D504F481C12CF440065F072 /* LaunchScreen.storyboard */ = {
			isa = PBXVariantGroup;
			children = (
				2D504F491C12CF440065F072 /* Base */,
			);
			name = LaunchScreen.storyboard;
			sourceTree = "<group>";
		};
/* End PBXVariantGroup section */

/* Begin XCBuildConfiguration section */
		2D504F4C1C12CF440065F072 /* Debug */ = {
			isa = XCBuildConfiguration;
			buildSettings = {
				ALWAYS_SEARCH_USER_PATHS = NO;
				CLANG_CXX_LANGUAGE_STANDARD = "gnu++0x";
				CLANG_CXX_LIBRARY = "libc++";
				CLANG_ENABLE_MODULES = YES;
				CLANG_ENABLE_OBJC_ARC = YES;
				CLANG_WARN_BOOL_CONVERSION = YES;
				CLANG_WARN_CONSTANT_CONVERSION = YES;
				CLANG_WARN_DIRECT_OBJC_ISA_USAGE = YES_ERROR;
				CLANG_WARN_EMPTY_BODY = YES;
				CLANG_WARN_ENUM_CONVERSION = YES;
				CLANG_WARN_INT_CONVERSION = YES;
				CLANG_WARN_OBJC_ROOT_CLASS = YES_ERROR;
				CLANG_WARN_UNREACHABLE_CODE = YES;
				CLANG_WARN__DUPLICATE_METHOD_MATCH = YES;
				"CODE_SIGN_IDENTITY[sdk=iphoneos*]" = "iPhone Developer";
				COPY_PHASE_STRIP = NO;
				DEBUG_INFORMATION_FORMAT = dwarf;
				ENABLE_STRICT_OBJC_MSGSEND = YES;
				ENABLE_TESTABILITY = YES;
				GCC_C_LANGUAGE_STANDARD = gnu99;
				GCC_DYNAMIC_NO_PIC = NO;
				GCC_NO_COMMON_BLOCKS = YES;
				GCC_OPTIMIZATION_LEVEL = 0;
				GCC_PREPROCESSOR_DEFINITIONS = (
					"DEBUG=1",
					"$(inherited)",
				);
				GCC_WARN_64_TO_32_BIT_CONVERSION = YES;
				GCC_WARN_ABOUT_RETURN_TYPE = YES_ERROR;
				GCC_WARN_UNDECLARED_SELECTOR = YES;
				GCC_WARN_UNINITIALIZED_AUTOS = YES_AGGRESSIVE;
				GCC_WARN_UNUSED_FUNCTION = YES;
				GCC_WARN_UNUSED_VARIABLE = YES;
				IPHONEOS_DEPLOYMENT_TARGET = 9.1;
				MTL_ENABLE_DEBUG_INFO = YES;
				ONLY_ACTIVE_ARCH = YES;
				SDKROOT = iphoneos;
				SWIFT_OPTIMIZATION_LEVEL = "-Onone";
			};
			name = Debug;
		};
		2D504F4D1C12CF440065F072 /* Release */ = {
			isa = XCBuildConfiguration;
			buildSettings = {
				ALWAYS_SEARCH_USER_PATHS = NO;
				CLANG_CXX_LANGUAGE_STANDARD = "gnu++0x";
				CLANG_CXX_LIBRARY = "libc++";
				CLANG_ENABLE_MODULES = YES;
				CLANG_ENABLE_OBJC_ARC = YES;
				CLANG_WARN_BOOL_CONVERSION = YES;
				CLANG_WARN_CONSTANT_CONVERSION = YES;
				CLANG_WARN_DIRECT_OBJC_ISA_USAGE = YES_ERROR;
				CLANG_WARN_EMPTY_BODY = YES;
				CLANG_WARN_ENUM_CONVERSION = YES;
				CLANG_WARN_INT_CONVERSION = YES;
				CLANG_WARN_OBJC_ROOT_CLASS = YES_ERROR;
				CLANG_WARN_UNREACHABLE_CODE = YES;
				CLANG_WARN__DUPLICATE_METHOD_MATCH = YES;
				"CODE_SIGN_IDENTITY[sdk=iphoneos*]" = "iPhone Developer";
				COPY_PHASE_STRIP = NO;
				DEBUG_INFORMATION_FORMAT = "dwarf-with-dsym";
				ENABLE_NS_ASSERTIONS = NO;
				ENABLE_STRICT_OBJC_MSGSEND = YES;
				GCC_C_LANGUAGE_STANDARD = gnu99;
				GCC_NO_COMMON_BLOCKS = YES;
				GCC_WARN_64_TO_32_BIT_CONVERSION = YES;
				GCC_WARN_ABOUT_RETURN_TYPE = YES_ERROR;
				GCC_WARN_UNDECLARED_SELECTOR = YES;
				GCC_WARN_UNINITIALIZED_AUTOS = YES_AGGRESSIVE;
				GCC_WARN_UNUSED_FUNCTION = YES;
				GCC_WARN_UNUSED_VARIABLE = YES;
				IPHONEOS_DEPLOYMENT_TARGET = 9.1;
				MTL_ENABLE_DEBUG_INFO = NO;
				SDKROOT = iphoneos;
				VALIDATE_PRODUCT = YES;
			};
			name = Release;
		};
		2D504F4F1C12CF440065F072 /* Debug */ = {
			isa = XCBuildConfiguration;
			buildSettings = {
				ASSETCATALOG_COMPILER_APPICON_NAME = AppIcon;
				INFOPLIST_FILE = SimpleCustomAnimations/Info.plist;
				LD_RUNPATH_SEARCH_PATHS = "$(inherited) @executable_path/Frameworks";
				PRODUCT_BUNDLE_IDENTIFIER = Ajay.SimpleCustomAnimations;
				PRODUCT_NAME = "$(TARGET_NAME)";
			};
			name = Debug;
		};
		2D504F501C12CF440065F072 /* Release */ = {
			isa = XCBuildConfiguration;
			buildSettings = {
				ASSETCATALOG_COMPILER_APPICON_NAME = AppIcon;
				INFOPLIST_FILE = SimpleCustomAnimations/Info.plist;
				LD_RUNPATH_SEARCH_PATHS = "$(inherited) @executable_path/Frameworks";
				PRODUCT_BUNDLE_IDENTIFIER = Ajay.SimpleCustomAnimations;
				PRODUCT_NAME = "$(TARGET_NAME)";
			};
			name = Release;
		};
/* End XCBuildConfiguration section */

/* Begin XCConfigurationList section */
		2D504F371C12CF430065F072 /* Build configuration list for PBXProject "SimpleCustomAnimations" */ = {
			isa = XCConfigurationList;
			buildConfigurations = (
				2D504F4C1C12CF440065F072 /* Debug */,
				2D504F4D1C12CF440065F072 /* Release */,
			);
			defaultConfigurationIsVisible = 0;
			defaultConfigurationName = Release;
		};
		2D504F4E1C12CF440065F072 /* Build configuration list for PBXNativeTarget "SimpleCustomAnimations" */ = {
			isa = XCConfigurationList;
			buildConfigurations = (
				2D504F4F1C12CF440065F072 /* Debug */,
				2D504F501C12CF440065F072 /* Release */,
			);
			defaultConfigurationIsVisible = 0;
		};
/* End XCConfigurationList section */
	};
	rootObject = 2D504F341C12CF430065F072 /* Project object */;
}
